
Microsoft Visual Studio Solution File, Format Version 12.00
# Visual Studio Version 17
VisualStudioVersion = 17.8.34525.116
MinimumVisualStudioVersion = 10.0.40219.1
Project("{2150E333-8FDC-42A3-9474-1A3956D46DE8}") = "Src", "Src", "{7BF5A075-C969-4018-B146-0B7C2A9FDD26}"
EndProject
Project("{2150E333-8FDC-42A3-9474-1A3956D46DE8}") = "00.Package", "00.Package", "{5CA7F687-0C17-4619-B5E1-31633F092940}"
EndProject
Project("{2150E333-8FDC-42A3-9474-1A3956D46DE8}") = "01.Core", "01.Core", "{74C9CEA4-5FD4-4CA4-BDB7-6EF90BC78317}"
EndProject
Project("{2150E333-8FDC-42A3-9474-1A3956D46DE8}") = "02.Infrastructure", "02.Infrastructure", "{B915FD78-EF61-4A74-953D-9F364EA15AE4}"
EndProject
Project("{2150E333-8FDC-42A3-9474-1A3956D46DE8}") = "03.Persistention", "03.Persistention", "{AC2750B1-91B1-4B3C-A8EE-E84554327BDE}"
EndProject
Project("{FAE04EC0-301F-11D3-BF4B-00C04F79EFBC}") = "Tavv.Contract", "Tavv.Contract\Tavv.Contract.csproj", "{634C0A0C-8D80-4A1D-A4D8-EAB131C2CC4E}"
EndProject
Project("{FAE04EC0-301F-11D3-BF4B-00C04F79EFBC}") = "Test.Entitis", "Test.Entitis\Test.Entitis.csproj", "{E4FAFA85-98B5-4026-B6E6-6E7B94488779}"
EndProject
Project("{FAE04EC0-301F-11D3-BF4B-00C04F79EFBC}") = "Test.Service", "Test.Service\Test.Service.csproj", "{D840B239-3C2C-4747-957C-A364EC9CDA46}"
EndProject
Project("{FAE04EC0-301F-11D3-BF4B-00C04F79EFBC}") = "Test.Migrations", "Test.Migrations\Test.Migrations.csproj", "{3C3BD1B5-0440-4654-A51F-E6C16631998D}"
EndProject
Project("{FAE04EC0-301F-11D3-BF4B-00C04F79EFBC}") = "Test.Persistence.EF", "Test.Persistence.EF\Test.Persistence.EF.csproj", "{0D3AAF0E-ED63-44B0-B315-027C074BB50D}"
EndProject
Project("{FAE04EC0-301F-11D3-BF4B-00C04F79EFBC}") = "Test.RestApi", "Test.RestApi\Test.RestApi.csproj", "{1DF05236-FF70-4DF3-988B-872FD80AFE1C}"
EndProject
Global
	GlobalSection(SolutionConfigurationPlatforms) = preSolution
		Debug|Any CPU = Debug|Any CPU
		Release|Any CPU = Release|Any CPU
	EndGlobalSection
	GlobalSection(ProjectConfigurationPlatforms) = postSolution
		{634C0A0C-8D80-4A1D-A4D8-EAB131C2CC4E}.Debug|Any CPU.ActiveCfg = Debug|Any CPU
		{634C0A0C-8D80-4A1D-A4D8-EAB131C2CC4E}.Debug|Any CPU.Build.0 = Debug|Any CPU
		{634C0A0C-8D80-4A1D-A4D8-EAB131C2CC4E}.Release|Any CPU.ActiveCfg = Release|Any CPU
		{634C0A0C-8D80-4A1D-A4D8-EAB131C2CC4E}.Release|Any CPU.Build.0 = Release|Any CPU
		{E4FAFA85-98B5-4026-B6E6-6E7B94488779}.Debug|Any CPU.ActiveCfg = Debug|Any CPU
		{E4FAFA85-98B5-4026-B6E6-6E7B94488779}.Debug|Any CPU.Build.0 = Debug|Any CPU
		{E4FAFA85-98B5-4026-B6E6-6E7B94488779}.Release|Any CPU.ActiveCfg = Release|Any CPU
		{E4FAFA85-98B5-4026-B6E6-6E7B94488779}.Release|Any CPU.Build.0 = Release|Any CPU
		{D840B239-3C2C-4747-957C-A364EC9CDA46}.Debug|Any CPU.ActiveCfg = Debug|Any CPU
		{D840B239-3C2C-4747-957C-A364EC9CDA46}.Debug|Any CPU.Build.0 = Debug|Any CPU
		{D840B239-3C2C-4747-957C-A364EC9CDA46}.Release|Any CPU.ActiveCfg = Release|Any CPU
		{D840B239-3C2C-4747-957C-A364EC9CDA46}.Release|Any CPU.Build.0 = Release|Any CPU
		{3C3BD1B5-0440-4654-A51F-E6C16631998D}.Debug|Any CPU.ActiveCfg = Debug|Any CPU
		{3C3BD1B5-0440-4654-A51F-E6C16631998D}.Debug|Any CPU.Build.0 = Debug|Any CPU
		{3C3BD1B5-0440-4654-A51F-E6C16631998D}.Release|Any CPU.ActiveCfg = Release|Any CPU
		{3C3BD1B5-0440-4654-A51F-E6C16631998D}.Release|Any CPU.Build.0 = Release|Any CPU
		{0D3AAF0E-ED63-44B0-B315-027C074BB50D}.Debug|Any CPU.ActiveCfg = Debug|Any CPU
		{0D3AAF0E-ED63-44B0-B315-027C074BB50D}.Debug|Any CPU.Build.0 = Debug|Any CPU
		{0D3AAF0E-ED63-44B0-B315-027C074BB50D}.Release|Any CPU.ActiveCfg = Release|Any CPU
		{0D3AAF0E-ED63-44B0-B315-027C074BB50D}.Release|Any CPU.Build.0 = Release|Any CPU
		{1DF05236-FF70-4DF3-988B-872FD80AFE1C}.Debug|Any CPU.ActiveCfg = Debug|Any CPU
		{1DF05236-FF70-4DF3-988B-872FD80AFE1C}.Debug|Any CPU.Build.0 = Debug|Any CPU
		{1DF05236-FF70-4DF3-988B-872FD80AFE1C}.Release|Any CPU.ActiveCfg = Release|Any CPU
		{1DF05236-FF70-4DF3-988B-872FD80AFE1C}.Release|Any CPU.Build.0 = Release|Any CPU
	EndGlobalSection
	GlobalSection(SolutionProperties) = preSolution
		HideSolutionNode = FALSE
	EndGlobalSection
	GlobalSection(NestedProjects) = preSolution
		{5CA7F687-0C17-4619-B5E1-31633F092940} = {7BF5A075-C969-4018-B146-0B7C2A9FDD26}
		{74C9CEA4-5FD4-4CA4-BDB7-6EF90BC78317} = {7BF5A075-C969-4018-B146-0B7C2A9FDD26}
		{B915FD78-EF61-4A74-953D-9F364EA15AE4} = {7BF5A075-C969-4018-B146-0B7C2A9FDD26}
		{AC2750B1-91B1-4B3C-A8EE-E84554327BDE} = {7BF5A075-C969-4018-B146-0B7C2A9FDD26}
		{634C0A0C-8D80-4A1D-A4D8-EAB131C2CC4E} = {5CA7F687-0C17-4619-B5E1-31633F092940}
		{E4FAFA85-98B5-4026-B6E6-6E7B94488779} = {74C9CEA4-5FD4-4CA4-BDB7-6EF90BC78317}
		{D840B239-3C2C-4747-957C-A364EC9CDA46} = {74C9CEA4-5FD4-4CA4-BDB7-6EF90BC78317}
		{3C3BD1B5-0440-4654-A51F-E6C16631998D} = {B915FD78-EF61-4A74-953D-9F364EA15AE4}
		{0D3AAF0E-ED63-44B0-B315-027C074BB50D} = {B915FD78-EF61-4A74-953D-9F364EA15AE4}
		{1DF05236-FF70-4DF3-988B-872FD80AFE1C} = {AC2750B1-91B1-4B3C-A8EE-E84554327BDE}
	EndGlobalSection
	GlobalSection(ExtensibilityGlobals) = postSolution
		SolutionGuid = {ECB880E0-796D-4567-B046-D1B163332A4B}
	EndGlobalSection
EndGlobal
